
Microsoft Visual Studio Solution File, Format Version 12.00
# Visual Studio 15
VisualStudioVersion = 15.0.27130.2020
MinimumVisualStudioVersion = 10.0.40219.1
Project("{FAE04EC0-301F-11D3-BF4B-00C04F79EFBC}") = "ParchisPlusServer", "ParchisPlusServer\ParchisPlusServer.csproj", "{FFDFBFF6-C40F-4600-ABC2-9B043C29C6DC}"
EndProject
Project("{FAE04EC0-301F-11D3-BF4B-00C04F79EFBC}") = "ParchisPlusCliente", "ParchisPlusCliente\ParchisPlusCliente.csproj", "{00E0CF64-23E6-4B0F-B927-AC0A9710C11B}"
EndProject
Project("{2150E333-8FDC-42A3-9474-1A3956D46DE8}") = "Solution Items", "Solution Items", "{4AF7FD0C-7E84-4B80-B4A0-670F031F95D9}"
	ProjectSection(SolutionItems) = preProject
		Cambios.txt = Cambios.txt
	EndProjectSection
EndProject
Global
	GlobalSection(SolutionConfigurationPlatforms) = preSolution
		Debug|Any CPU = Debug|Any CPU
		Release|Any CPU = Release|Any CPU
	EndGlobalSection
	GlobalSection(ProjectConfigurationPlatforms) = postSolution
		{FFDFBFF6-C40F-4600-ABC2-9B043C29C6DC}.Debug|Any CPU.ActiveCfg = Debug|Any CPU
		{FFDFBFF6-C40F-4600-ABC2-9B043C29C6DC}.Debug|Any CPU.Build.0 = Debug|Any CPU
		{FFDFBFF6-C40F-4600-ABC2-9B043C29C6DC}.Release|Any CPU.ActiveCfg = Release|Any CPU
		{FFDFBFF6-C40F-4600-ABC2-9B043C29C6DC}.Release|Any CPU.Build.0 = Release|Any CPU
		{00E0CF64-23E6-4B0F-B927-AC0A9710C11B}.Debug|Any CPU.ActiveCfg = Debug|Any CPU
		{00E0CF64-23E6-4B0F-B927-AC0A9710C11B}.Debug|Any CPU.Build.0 = Debug|Any CPU
		{00E0CF64-23E6-4B0F-B927-AC0A9710C11B}.Release|Any CPU.ActiveCfg = Release|Any CPU
		{00E0CF64-23E6-4B0F-B927-AC0A9710C11B}.Release|Any CPU.Build.0 = Release|Any CPU
	EndGlobalSection
	GlobalSection(SolutionProperties) = preSolution
		HideSolutionNode = FALSE
	EndGlobalSection
	GlobalSection(ExtensibilityGlobals) = postSolution
		SolutionGuid = {123E33A9-85A1-44DB-BDF2-4DCA22CC6E28}
	EndGlobalSection
EndGlobal
